
Microsoft Visual Studio Solution File, Format Version 12.00
# Visual Studio Version 16
VisualStudioVersion = 16.0.30907.101
MinimumVisualStudioVersion = 10.0.40219.1
Project("{FAE04EC0-301F-11D3-BF4B-00C04F79EFBC}") = "WindowsFormsApp1", "WindowsFormsApp1\WindowsFormsApp1.csproj", "{B6E91E63-DFDC-4929-8EF2-51A1EDC21B0A}"
EndProject
Global
	GlobalSection(SolutionConfigurationPlatforms) = preSolution
		Debug|Any CPU = Debug|Any CPU
		Release|Any CPU = Release|Any CPU
	EndGlobalSection
	GlobalSection(ProjectConfigurationPlatforms) = postSolution
		{B6E91E63-DFDC-4929-8EF2-51A1EDC21B0A}.Debug|Any CPU.ActiveCfg = Debug|Any CPU
		{B6E91E63-DFDC-4929-8EF2-51A1EDC21B0A}.Debug|Any CPU.Build.0 = Debug|Any CPU
		{B6E91E63-DFDC-4929-8EF2-51A1EDC21B0A}.Release|Any CPU.ActiveCfg = Release|Any CPU
		{B6E91E63-DFDC-4929-8EF2-51A1EDC21B0A}.Release|Any CPU.Build.0 = Release|Any CPU
	EndGlobalSection
	GlobalSection(SolutionProperties) = preSolution
		HideSolutionNode = FALSE
	EndGlobalSection
	GlobalSection(ExtensibilityGlobals) = postSolution
		SolutionGuid = {DE47ACBC-C6E0-47B6-9F4E-733640535599}
	EndGlobalSection
EndGlobal
